<?xml version="1.0" encoding="utf-8"?>
<Project ToolsVersion="4.0" xmlns="http://schemas.microsoft.com/developer/msbuild/2003">
  <ItemGroup>
    <Filter Include="Core">
      <UniqueIdentifier>{653520cd-8638-42c9-8341-455f5a676d38}</UniqueIdentifier>
    </Filter>
    <Filter Include="IO">
      <UniqueIdentifier>{72f3c5d3-627d-45cd-9676-69351bf3866e}</UniqueIdentifier>
    </Filter>
    <Filter Include="Network">
      <UniqueIdentifier>{4f36b1df-c790-459f-90b8-5276ebfed972}</UniqueIdentifier>
    </Filter>
    <Filter Include="Platform">
      <UniqueIdentifier>{47afa45f-28f6-47e7-8777-11f1fa75e34b}</UniqueIdentifier>
    </Filter>
    <Filter Include="Physics">
      <UniqueIdentifier>{55fb4384-04f2-48b9-9754-6219da379236}</UniqueIdentifier>
    </Filter>
    <Filter Include="Render">
      <UniqueIdentifier>{ee433352-c35f-46ce-a2bd-f0f4a7837394}</UniqueIdentifier>
    </Filter>
    <Filter Include="Scripting">
      <UniqueIdentifier>{7f7b7239-4f55-4687-98bd-a8f25a24eff9}</UniqueIdentifier>
    </Filter>
    <Filter Include="Resource">
      <UniqueIdentifier>{dc9e1bbd-1f64-4fb2-97a7-3f820b7d75de}</UniqueIdentifier>
    </Filter>
    <Filter Include="External">
      <UniqueIdentifier>{96a1858b-4b60-4465-91a3-935d6e9906d4}</UniqueIdentifier>
    </Filter>
    <Filter Include="Network\Messages">
      <UniqueIdentifier>{330c4b7d-8a07-4ef9-8a22-cdcd5ca2840d}</UniqueIdentifier>
    </Filter>
    <Filter Include="Render\OpenGL">
      <UniqueIdentifier>{e23028f9-0381-4666-8813-fef9a97cebf5}</UniqueIdentifier>
    </Filter>
  </ItemGroup>
  <ItemGroup>
    <ClInclude Include="..\..\Engine\Core\Application.hpp">
      <Filter>Core</Filter>
    </ClInclude>
    <ClInclude Include="..\..\Engine\Core\Component.hpp">
      <Filter>Core</Filter>
    </ClInclude>
    <ClInclude Include="..\..\Engine\Core\Entity.hpp">
      <Filter>Core</Filter>
    </ClInclude>
    <ClInclude Include="..\..\Engine\Core\EntitySystem.hpp">
      <Filter>Core</Filter>
    </ClInclude>
    <ClInclude Include="..\..\Engine\Core\Error.hpp">
      <Filter>Core</Filter>
    </ClInclude>
    <ClInclude Include="..\..\Engine\Core\ErrorSystem.hpp">
      <Filter>Core</Filter>
    </ClInclude>
    <ClInclude Include="..\..\Engine\Core\Event.hpp">
      <Filter>Core</Filter>
    </ClInclude>
    <ClInclude Include="..\..\Engine\Core\EventData.hpp">
      <Filter>Core</Filter>
    </ClInclude>
    <ClInclude Include="..\..\Engine\Core\EventSystem.hpp">
      <Filter>Core</Filter>
    </ClInclude>
    <ClInclude Include="..\..\Engine\Core\GigaObject.hpp">
      <Filter>Core</Filter>
    </ClInclude>
    <ClInclude Include="..\..\Engine\Core\ObjectPool.hpp">
      <Filter>Core</Filter>
    </ClInclude>
    <ClInclude Include="..\..\Engine\Core\System.hpp">
      <Filter>Core</Filter>
    </ClInclude>
    <ClInclude Include="..\..\Engine\Core\Variant.hpp">
      <Filter>Core</Filter>
    </ClInclude>
    <ClInclude Include="..\..\Engine\giga-engine.h" />
    <ClInclude Include="..\..\Engine\IO\Command.hpp">
      <Filter>IO</Filter>
    </ClInclude>
    <ClInclude Include="..\..\Engine\IO\File.hpp">
      <Filter>IO</Filter>
    </ClInclude>
    <ClInclude Include="..\..\Engine\IO\InputDevice.hpp">
      <Filter>IO</Filter>
    </ClInclude>
    <ClInclude Include="..\..\Engine\IO\InputSystem.hpp">
      <Filter>IO</Filter>
    </ClInclude>
    <ClInclude Include="..\..\Engine\IO\Keyboard.hpp">
      <Filter>IO</Filter>
    </ClInclude>
    <ClInclude Include="..\..\Engine\IO\MemoryReader.hpp">
      <Filter>IO</Filter>
    </ClInclude>
    <ClInclude Include="..\..\Engine\IO\MemoryWriter.hpp">
      <Filter>IO</Filter>
    </ClInclude>
    <ClInclude Include="..\..\Engine\IO\Profiler.hpp">
      <Filter>IO</Filter>
    </ClInclude>
    <ClInclude Include="..\..\Engine\IO\StorableObject.hpp">
      <Filter>IO</Filter>
    </ClInclude>
    <ClInclude Include="..\..\Engine\IO\StorableObjectField.hpp">
      <Filter>IO</Filter>
    </ClInclude>
    <ClInclude Include="..\..\Engine\IO\StorableObjectType.hpp">
      <Filter>IO</Filter>
    </ClInclude>
    <ClInclude Include="..\..\Engine\Network\EntitySnapshot.hpp">
      <Filter>Network</Filter>
    </ClInclude>
    <ClInclude Include="..\..\Engine\Network\NetworkMessage.hpp">
      <Filter>Network</Filter>
    </ClInclude>
    <ClInclude Include="..\..\Engine\Network\NetworkSession.hpp">
      <Filter>Network</Filter>
    </ClInclude>
    <ClInclude Include="..\..\Engine\Network\NetworkSystem.hpp">
      <Filter>Network</Filter>
    </ClInclude>
    <ClInclude Include="..\..\Engine\Network\ReplicationSystem.hpp">
      <Filter>Network</Filter>
    </ClInclude>
    <ClInclude Include="..\..\Engine\Network\Socket.hpp">
      <Filter>Network</Filter>
    </ClInclude>
    <ClInclude Include="..\..\Engine\Network\UDPSocket.hpp">
      <Filter>Network</Filter>
    </ClInclude>
    <ClInclude Include="..\..\Engine\Platform\DateTime.hpp">
      <Filter>Platform</Filter>
    </ClInclude>
    <ClInclude Include="..\..\Engine\Platform\Timer.hpp">
      <Filter>Platform</Filter>
    </ClInclude>
    <ClInclude Include="..\..\Engine\Platform\Window.hpp">
      <Filter>Platform</Filter>
    </ClInclude>
    <ClInclude Include="..\..\Engine\Scripting\Script.hpp">
      <Filter>Scripting</Filter>
    </ClInclude>
    <ClInclude Include="..\..\Engine\Scripting\ScriptableObject.hpp">
      <Filter>Scripting</Filter>
    </ClInclude>
    <ClInclude Include="..\..\Engine\Scripting\ScriptableObjectType.hpp">
      <Filter>Scripting</Filter>
    </ClInclude>
    <ClInclude Include="..\..\Engine\Scripting\ScriptableVariant.hpp">
      <Filter>Scripting</Filter>
    </ClInclude>
    <ClInclude Include="..\..\Engine\Scripting\ScriptComponent.hpp">
      <Filter>Scripting</Filter>
    </ClInclude>
    <ClInclude Include="..\..\Engine\Scripting\ScriptingSystem.hpp">
      <Filter>Scripting</Filter>
    </ClInclude>
    <ClInclude Include="..\..\Engine\Resource\Resource.hpp">
      <Filter>Resource</Filter>
    </ClInclude>
    <ClInclude Include="..\..\Engine\Resource\ResourceObject.hpp">
      <Filter>Resource</Filter>
    </ClInclude>
    <ClInclude Include="..\..\Engine\Resource\ResourceSystem.hpp">
      <Filter>Resource</Filter>
    </ClInclude>
    <ClInclude Include="..\..\Engine\Network\Win32UDPSocket.hpp">
      <Filter>Network</Filter>
    </ClInclude>
    <ClInclude Include="..\..\Engine\Network\Messages\EchoRequestMessage.hpp">
      <Filter>Network\Messages</Filter>
    </ClInclude>
    <ClInclude Include="..\..\Engine\Network\Messages\EchoResponseMessage.hpp">
      <Filter>Network\Messages</Filter>
    </ClInclude>
    <ClInclude Include="..\..\Engine\Network\Messages\EntitySnapshotMessage.hpp">
      <Filter>Network\Messages</Filter>
    </ClInclude>
    <ClInclude Include="..\..\Engine\Render\Animation.hpp">
      <Filter>Render</Filter>
    </ClInclude>
    <ClInclude Include="..\..\Engine\Render\AnimationFrame.hpp">
      <Filter>Render</Filter>
    </ClInclude>
    <ClInclude Include="..\..\Engine\Render\AnimationInstance.hpp">
      <Filter>Render</Filter>
    </ClInclude>
    <ClInclude Include="..\..\Engine\Render\AnimationTransform.hpp">
      <Filter>Render</Filter>
    </ClInclude>
    <ClInclude Include="..\..\Engine\Render\Bone.hpp">
      <Filter>Render</Filter>
    </ClInclude>
    <ClInclude Include="..\..\Engine\Render\BoundingBox.hpp">
      <Filter>Render</Filter>
    </ClInclude>
    <ClInclude Include="..\..\Engine\Render\CameraComponent.hpp">
      <Filter>Render</Filter>
    </ClInclude>
    <ClInclude Include="..\..\Engine\Render\Color.hpp">
      <Filter>Render</Filter>
    </ClInclude>
    <ClInclude Include="..\..\Engine\Render\Framebuffer.hpp">
      <Filter>Render</Filter>
    </ClInclude>
    <ClInclude Include="..\..\Engine\Render\Frustum.hpp">
      <Filter>Render</Filter>
    </ClInclude>
    <ClInclude Include="..\..\Engine\Render\IndexBuffer.hpp">
      <Filter>Render</Filter>
    </ClInclude>
    <ClInclude Include="..\..\Engine\Render\LightComponent.hpp">
      <Filter>Render</Filter>
    </ClInclude>
    <ClInclude Include="..\..\Engine\Render\Material.hpp">
      <Filter>Render</Filter>
    </ClInclude>
    <ClInclude Include="..\..\Engine\Render\MaterialSystem.hpp">
      <Filter>Render</Filter>
    </ClInclude>
    <ClInclude Include="..\..\Engine\Render\Mesh.hpp">
      <Filter>Render</Filter>
    </ClInclude>
    <ClInclude Include="..\..\Engine\Render\Plane.hpp">
      <Filter>Render</Filter>
    </ClInclude>
    <ClInclude Include="..\..\Engine\Render\PostProcessPass.hpp">
      <Filter>Render</Filter>
    </ClInclude>
    <ClInclude Include="..\..\Engine\Render\Quaternion.hpp">
      <Filter>Render</Filter>
    </ClInclude>
    <ClInclude Include="..\..\Engine\Render\RenderComponent.hpp">
      <Filter>Render</Filter>
    </ClInclude>
    <ClInclude Include="..\..\Engine\Render\RenderPass.hpp">
      <Filter>Render</Filter>
    </ClInclude>
    <ClInclude Include="..\..\Engine\Render\RenderSystem.hpp">
      <Filter>Render</Filter>
    </ClInclude>
    <ClInclude Include="..\..\Engine\Render\Scene.hpp">
      <Filter>Render</Filter>
    </ClInclude>
    <ClInclude Include="..\..\Engine\Render\Shader.hpp">
      <Filter>Render</Filter>
    </ClInclude>
    <ClInclude Include="..\..\Engine\Render\ShaderSystem.hpp">
      <Filter>Render</Filter>
    </ClInclude>
    <ClInclude Include="..\..\Engine\Render\ShaderVariation.hpp">
      <Filter>Render</Filter>
    </ClInclude>
    <ClInclude Include="..\..\Engine\Render\SpotLightComponent.hpp">
      <Filter>Render</Filter>
    </ClInclude>
    <ClInclude Include="..\..\Engine\Render\StaticMeshComponent.hpp">
      <Filter>Render</Filter>
    </ClInclude>
    <ClInclude Include="..\..\Engine\Render\Texture.hpp">
      <Filter>Render</Filter>
    </ClInclude>
    <ClInclude Include="..\..\Engine\Render\Texture2D.hpp">
      <Filter>Render</Filter>
    </ClInclude>
    <ClInclude Include="..\..\Engine\Render\Texture3D.hpp">
      <Filter>Render</Filter>
    </ClInclude>
    <ClInclude Include="..\..\Engine\Render\Transform.hpp">
      <Filter>Render</Filter>
    </ClInclude>
    <ClInclude Include="..\..\Engine\Render\TransformComponent.hpp">
      <Filter>Render</Filter>
    </ClInclude>
    <ClInclude Include="..\..\Engine\Render\Vector3.hpp">
      <Filter>Render</Filter>
    </ClInclude>
    <ClInclude Include="..\..\Engine\Render\VertexAttributes.hpp">
      <Filter>Render</Filter>
    </ClInclude>
    <ClInclude Include="..\..\Engine\Render\VertexBuffer.hpp">
      <Filter>Render</Filter>
    </ClInclude>
    <ClInclude Include="..\..\Engine\Render\VertexFormat.hpp">
      <Filter>Render</Filter>
    </ClInclude>
    <ClInclude Include="..\..\Engine\Render\OpenGL\OpenGL.hpp">
      <Filter>Render\OpenGL</Filter>
    </ClInclude>
    <ClInclude Include="..\..\Engine\Render\OpenGL\OpenGLDeferredLightingPass.hpp">
      <Filter>Render\OpenGL</Filter>
    </ClInclude>
    <ClInclude Include="..\..\Engine\Render\OpenGL\OpenGLDeferredRenderPass.hpp">
      <Filter>Render\OpenGL</Filter>
    </ClInclude>
    <ClInclude Include="..\..\Engine\Render\OpenGL\OpenGLFramebuffer.hpp">
      <Filter>Render\OpenGL</Filter>
    </ClInclude>
    <ClInclude Include="..\..\Engine\Render\OpenGL\OpenGLGBufferPass.hpp">
      <Filter>Render\OpenGL</Filter>
    </ClInclude>
    <ClInclude Include="..\..\Engine\Render\OpenGL\OpenGLIndexBuffer.hpp">
      <Filter>Render\OpenGL</Filter>
    </ClInclude>
    <ClInclude Include="..\..\Engine\Render\OpenGL\OpenGLRenderSystem.hpp">
      <Filter>Render\OpenGL</Filter>
    </ClInclude>
    <ClInclude Include="..\..\Engine\Render\OpenGL\OpenGLShaderVariation.hpp">
      <Filter>Render\OpenGL</Filter>
    </ClInclude>
    <ClInclude Include="..\..\Engine\Render\OpenGL\OpenGLTexture.hpp">
      <Filter>Render\OpenGL</Filter>
    </ClInclude>
    <ClInclude Include="..\..\Engine\Render\OpenGL\OpenGLTexture2D.hpp">
      <Filter>Render\OpenGL</Filter>
    </ClInclude>
    <ClInclude Include="..\..\Engine\Render\OpenGL\OpenGLTexture3D.hpp">
      <Filter>Render\OpenGL</Filter>
    </ClInclude>
    <ClInclude Include="..\..\Engine\Render\OpenGL\OpenGLVertexAttributes.hpp">
      <Filter>Render\OpenGL</Filter>
    </ClInclude>
    <ClInclude Include="..\..\Engine\Render\OpenGL\OpenGLVertexBuffer.hpp">
      <Filter>Render\OpenGL</Filter>
    </ClInclude>
    <ClInclude Include="..\..\Engine\Core\ComponentTemplate.hpp">
      <Filter>Core</Filter>
    </ClInclude>
    <ClInclude Include="..\..\Engine\Core\ComponentTemplateType.hpp">
      <Filter>Core</Filter>
    </ClInclude>
    <ClInclude Include="..\..\Engine\IO\DataLoader.hpp">
      <Filter>IO</Filter>
    </ClInclude>
    <ClInclude Include="..\..\Engine\IO\MySQLDataLoader.hpp">
      <Filter>IO</Filter>
    </ClInclude>
    <ClInclude Include="..\..\Engine\IO\SQLiteDataLoader.hpp">
      <Filter>IO</Filter>
    </ClInclude>
    <ClInclude Include="..\..\Engine\Render\ShadowPass.hpp">
      <Filter>Render</Filter>
    </ClInclude>
    <ClInclude Include="..\..\Engine\Render\OpenGL\OpenGLShadowPass.hpp">
      <Filter>Render\OpenGL</Filter>
    </ClInclude>
    <ClInclude Include="..\..\Engine\Network\Messages\CommandMessage.hpp">
      <Filter>Network\Messages</Filter>
    </ClInclude>
    <ClInclude Include="..\..\Engine\Network\Messages\ResendRequestMessage.hpp">
      <Filter>Network\Messages</Filter>
    </ClInclude>
    <ClInclude Include="..\..\Engine\Network\Messages\AckMessage.hpp">
      <Filter>Network\Messages</Filter>
    </ClInclude>
    <ClInclude Include="..\..\Engine\Network\HttpRequest.hpp">
      <Filter>Network</Filter>
    </ClInclude>
    <ClInclude Include="..\..\Engine\IO\Directory.hpp">
      <Filter>IO</Filter>
    </ClInclude>
    <ClInclude Include="..\..\Engine\Core\Task.hpp">
      <Filter>Core</Filter>
    </ClInclude>
    <ClInclude Include="..\..\Engine\Core\TaskPool.hpp">
      <Filter>Core</Filter>
    </ClInclude>
    <ClInclude Include="..\..\Engine\Core\TaskSystem.hpp">
      <Filter>Core</Filter>
    </ClInclude>
    <ClInclude Include="..\..\Engine\Core\TaskThread.hpp">
      <Filter>Core</Filter>
    </ClInclude>
    <ClInclude Include="..\..\Engine\Network\ClientPredictionError.hpp">
      <Filter>Network</Filter>
    </ClInclude>
    <ClInclude Include="..\..\Engine\Core\ThreadPool.hpp">
      <Filter>Core</Filter>
    </ClInclude>
    <ClInclude Include="..\..\Engine\Scripting\ScriptThread.hpp">
      <Filter>Scripting</Filter>
    </ClInclude>
    <ClInclude Include="..\..\Engine\Scripting\ScriptableObjectImpl.hpp">
      <Filter>Scripting</Filter>
    </ClInclude>
  </ItemGroup>
  <ItemGroup>
    <ClCompile Include="..\..\Engine\Core\Application.cpp">
      <Filter>Core</Filter>
    </ClCompile>
    <ClCompile Include="..\..\Engine\Core\Component.cpp">
      <Filter>Core</Filter>
    </ClCompile>
    <ClCompile Include="..\..\Engine\Core\Entity.cpp">
      <Filter>Core</Filter>
    </ClCompile>
    <ClCompile Include="..\..\Engine\Core\EntitySystem.cpp">
      <Filter>Core</Filter>
    </ClCompile>
    <ClCompile Include="..\..\Engine\Core\ErrorSystem.cpp">
      <Filter>Core</Filter>
    </ClCompile>
    <ClCompile Include="..\..\Engine\Core\Event.cpp">
      <Filter>Core</Filter>
    </ClCompile>
    <ClCompile Include="..\..\Engine\Core\EventSystem.cpp">
      <Filter>Core</Filter>
    </ClCompile>
    <ClCompile Include="..\..\Engine\Core\GigaObject.cpp">
      <Filter>Core</Filter>
    </ClCompile>
    <ClCompile Include="..\..\Engine\Core\Variant.cpp">
      <Filter>Core</Filter>
    </ClCompile>
    <ClCompile Include="..\..\Engine\IO\Command.cpp">
      <Filter>IO</Filter>
    </ClCompile>
    <ClCompile Include="..\..\Engine\IO\File.cpp">
      <Filter>IO</Filter>
    </ClCompile>
    <ClCompile Include="..\..\Engine\IO\InputDevice.cpp">
      <Filter>IO</Filter>
    </ClCompile>
    <ClCompile Include="..\..\Engine\IO\InputSystem.cpp">
      <Filter>IO</Filter>
    </ClCompile>
    <ClCompile Include="..\..\Engine\IO\Keyboard.cpp">
      <Filter>IO</Filter>
    </ClCompile>
    <ClCompile Include="..\..\Engine\IO\MemoryReader.cpp">
      <Filter>IO</Filter>
    </ClCompile>
    <ClCompile Include="..\..\Engine\IO\MemoryWriter.cpp">
      <Filter>IO</Filter>
    </ClCompile>
    <ClCompile Include="..\..\Engine\IO\Profiler.cpp">
      <Filter>IO</Filter>
    </ClCompile>
    <ClCompile Include="..\..\Engine\IO\StorableObject.cpp">
      <Filter>IO</Filter>
    </ClCompile>
    <ClCompile Include="..\..\Engine\IO\StorableObjectType.cpp">
      <Filter>IO</Filter>
    </ClCompile>
    <ClCompile Include="..\..\Engine\Network\EntitySnapshot.cpp">
      <Filter>Network</Filter>
    </ClCompile>
    <ClCompile Include="..\..\Engine\Network\NetworkMessage.cpp">
      <Filter>Network</Filter>
    </ClCompile>
    <ClCompile Include="..\..\Engine\Network\NetworkSession.cpp">
      <Filter>Network</Filter>
    </ClCompile>
    <ClCompile Include="..\..\Engine\Network\NetworkSystem.cpp">
      <Filter>Network</Filter>
    </ClCompile>
    <ClCompile Include="..\..\Engine\Network\ReplicationSystem.cpp">
      <Filter>Network</Filter>
    </ClCompile>
    <ClCompile Include="..\..\Engine\Network\UDPSocket.cpp">
      <Filter>Network</Filter>
    </ClCompile>
    <ClCompile Include="..\..\Engine\Platform\DateTime.cpp">
      <Filter>Platform</Filter>
    </ClCompile>
    <ClCompile Include="..\..\Engine\Platform\Timer.cpp">
      <Filter>Platform</Filter>
    </ClCompile>
    <ClCompile Include="..\..\Engine\Platform\Window.cpp">
      <Filter>Platform</Filter>
    </ClCompile>
    <ClCompile Include="..\..\Engine\Scripting\Script.cpp">
      <Filter>Scripting</Filter>
    </ClCompile>
    <ClCompile Include="..\..\Engine\Scripting\ScriptableObject.cpp">
      <Filter>Scripting</Filter>
    </ClCompile>
    <ClCompile Include="..\..\Engine\Scripting\ScriptableObjectType.cpp">
      <Filter>Scripting</Filter>
    </ClCompile>
    <ClCompile Include="..\..\Engine\Scripting\ScriptableVariant.cpp">
      <Filter>Scripting</Filter>
    </ClCompile>
    <ClCompile Include="..\..\Engine\Scripting\ScriptComponent.cpp">
      <Filter>Scripting</Filter>
    </ClCompile>
    <ClCompile Include="..\..\Engine\Scripting\ScriptingSystem.cpp">
      <Filter>Scripting</Filter>
    </ClCompile>
    <ClCompile Include="..\..\Engine\Resource\Resource.cpp">
      <Filter>Resource</Filter>
    </ClCompile>
    <ClCompile Include="..\..\Engine\Resource\ResourceObject.cpp">
      <Filter>Resource</Filter>
    </ClCompile>
    <ClCompile Include="..\..\Engine\Resource\ResourceSystem.cpp">
      <Filter>Resource</Filter>
    </ClCompile>
    <ClCompile Include="..\..\ThirdParty\glew\src\glew.c">
      <Filter>External</Filter>
    </ClCompile>
    <ClCompile Include="..\..\Engine\Network\Messages\EchoRequestMessage.cpp">
      <Filter>Network\Messages</Filter>
    </ClCompile>
    <ClCompile Include="..\..\Engine\Network\Messages\EchoResponseMessage.cpp">
      <Filter>Network\Messages</Filter>
    </ClCompile>
    <ClCompile Include="..\..\Engine\Network\Messages\EntitySnapshotMessage.cpp">
      <Filter>Network\Messages</Filter>
    </ClCompile>
    <ClCompile Include="..\..\Engine\Render\Animation.cpp">
      <Filter>Render</Filter>
    </ClCompile>
    <ClCompile Include="..\..\Engine\Render\AnimationFrame.cpp">
      <Filter>Render</Filter>
    </ClCompile>
    <ClCompile Include="..\..\Engine\Render\BoundingBox.cpp">
      <Filter>Render</Filter>
    </ClCompile>
    <ClCompile Include="..\..\Engine\Render\CameraComponent.cpp">
      <Filter>Render</Filter>
    </ClCompile>
    <ClCompile Include="..\..\Engine\Render\Framebuffer.cpp">
      <Filter>Render</Filter>
    </ClCompile>
    <ClCompile Include="..\..\Engine\Render\Frustum.cpp">
      <Filter>Render</Filter>
    </ClCompile>
    <ClCompile Include="..\..\Engine\Render\LightComponent.cpp">
      <Filter>Render</Filter>
    </ClCompile>
    <ClCompile Include="..\..\Engine\Render\MaterialSystem.cpp">
      <Filter>Render</Filter>
    </ClCompile>
    <ClCompile Include="..\..\Engine\Render\Mesh.cpp">
      <Filter>Render</Filter>
    </ClCompile>
    <ClCompile Include="..\..\Engine\Render\Plane.cpp">
      <Filter>Render</Filter>
    </ClCompile>
    <ClCompile Include="..\..\Engine\Render\PostProcessPass.cpp">
      <Filter>Render</Filter>
    </ClCompile>
    <ClCompile Include="..\..\Engine\Render\Quaternion.cpp">
      <Filter>Render</Filter>
    </ClCompile>
    <ClCompile Include="..\..\Engine\Render\RenderComponent.cpp">
      <Filter>Render</Filter>
    </ClCompile>
    <ClCompile Include="..\..\Engine\Render\RenderPass.cpp">
      <Filter>Render</Filter>
    </ClCompile>
    <ClCompile Include="..\..\Engine\Render\RenderSystem.cpp">
      <Filter>Render</Filter>
    </ClCompile>
    <ClCompile Include="..\..\Engine\Render\Scene.cpp">
      <Filter>Render</Filter>
    </ClCompile>
    <ClCompile Include="..\..\Engine\Render\Shader.cpp">
      <Filter>Render</Filter>
    </ClCompile>
    <ClCompile Include="..\..\Engine\Render\ShaderSystem.cpp">
      <Filter>Render</Filter>
    </ClCompile>
    <ClCompile Include="..\..\Engine\Render\ShaderVariation.cpp">
      <Filter>Render</Filter>
    </ClCompile>
    <ClCompile Include="..\..\Engine\Render\SpotLightComponent.cpp">
      <Filter>Render</Filter>
    </ClCompile>
    <ClCompile Include="..\..\Engine\Render\StaticMeshComponent.cpp">
      <Filter>Render</Filter>
    </ClCompile>
    <ClCompile Include="..\..\Engine\Render\Transform.cpp">
      <Filter>Render</Filter>
    </ClCompile>
    <ClCompile Include="..\..\Engine\Render\TransformComponent.cpp">
      <Filter>Render</Filter>
    </ClCompile>
    <ClCompile Include="..\..\Engine\Render\Vector3.cpp">
      <Filter>Render</Filter>
    </ClCompile>
    <ClCompile Include="..\..\Engine\Render\VertexFormat.cpp">
      <Filter>Render</Filter>
    </ClCompile>
    <ClCompile Include="..\..\Engine\Render\OpenGL\OpenGLColor.cpp">
      <Filter>Render\OpenGL</Filter>
    </ClCompile>
    <ClCompile Include="..\..\Engine\Render\OpenGL\OpenGLDeferredLightingPass.cpp">
      <Filter>Render\OpenGL</Filter>
    </ClCompile>
    <ClCompile Include="..\..\Engine\Render\OpenGL\OpenGLDeferredRenderPass.cpp">
      <Filter>Render\OpenGL</Filter>
    </ClCompile>
    <ClCompile Include="..\..\Engine\Render\OpenGL\OpenGLFramebuffer.cpp">
      <Filter>Render\OpenGL</Filter>
    </ClCompile>
    <ClCompile Include="..\..\Engine\Render\OpenGL\OpenGLGBufferPass.cpp">
      <Filter>Render\OpenGL</Filter>
    </ClCompile>
    <ClCompile Include="..\..\Engine\Render\OpenGL\OpenGLIndexBuffer.cpp">
      <Filter>Render\OpenGL</Filter>
    </ClCompile>
    <ClCompile Include="..\..\Engine\Render\OpenGL\OpenGLRenderSystem.cpp">
      <Filter>Render\OpenGL</Filter>
    </ClCompile>
    <ClCompile Include="..\..\Engine\Render\OpenGL\OpenGLShaderVariation.cpp">
      <Filter>Render\OpenGL</Filter>
    </ClCompile>
    <ClCompile Include="..\..\Engine\Render\OpenGL\OpenGLTexture.cpp">
      <Filter>Render\OpenGL</Filter>
    </ClCompile>
    <ClCompile Include="..\..\Engine\Render\OpenGL\OpenGLTexture2D.cpp">
      <Filter>Render\OpenGL</Filter>
    </ClCompile>
    <ClCompile Include="..\..\Engine\Render\OpenGL\OpenGLTexture3D.cpp">
      <Filter>Render\OpenGL</Filter>
    </ClCompile>
    <ClCompile Include="..\..\Engine\Render\OpenGL\OpenGLVertexAttributes.cpp">
      <Filter>Render\OpenGL</Filter>
    </ClCompile>
    <ClCompile Include="..\..\Engine\Render\OpenGL\OpenGLVertexBuffer.cpp">
      <Filter>Render\OpenGL</Filter>
    </ClCompile>
    <ClCompile Include="..\..\Engine\Core\ComponentTemplate.cpp">
      <Filter>Core</Filter>
    </ClCompile>
    <ClCompile Include="..\..\Engine\Core\ComponentTemplateType.cpp">
      <Filter>Core</Filter>
    </ClCompile>
    <ClCompile Include="..\..\ThirdParty\sqlite\src\sqlite3.c">
      <Filter>External</Filter>
    </ClCompile>
    <ClCompile Include="..\..\Engine\IO\DataLoader.cpp">
      <Filter>IO</Filter>
    </ClCompile>
    <ClCompile Include="..\..\Engine\IO\MySQLDataLoader.cpp">
      <Filter>IO</Filter>
    </ClCompile>
    <ClCompile Include="..\..\Engine\IO\SQLiteDataLoader.cpp">
      <Filter>IO</Filter>
    </ClCompile>
    <ClCompile Include="..\..\Engine\Render\ShadowPass.cpp">
      <Filter>Render</Filter>
    </ClCompile>
    <ClCompile Include="..\..\Engine\Render\OpenGL\OpenGLShadowPass.cpp">
      <Filter>Render\OpenGL</Filter>
    </ClCompile>
    <ClCompile Include="..\..\Engine\Network\Win32UDPSocket.cpp">
      <Filter>Network</Filter>
    </ClCompile>
    <ClCompile Include="..\..\Engine\Network\Messages\CommandMessage.cpp">
      <Filter>Network\Messages</Filter>
    </ClCompile>
    <ClCompile Include="..\..\Engine\Network\Messages\ResendRequestMessage.cpp">
      <Filter>Network\Messages</Filter>
    </ClCompile>
    <ClCompile Include="..\..\Engine\Network\Messages\AckMessage.cpp">
      <Filter>Network\Messages</Filter>
    </ClCompile>
    <ClCompile Include="..\..\Engine\Network\HttpRequest.cpp">
      <Filter>Network</Filter>
    </ClCompile>
    <ClCompile Include="..\..\Engine\IO\Directory.cpp">
      <Filter>IO</Filter>
    </ClCompile>
    <ClCompile Include="..\..\Engine\Core\Task.cpp">
      <Filter>Core</Filter>
    </ClCompile>
    <ClCompile Include="..\..\Engine\Core\TaskPool.cpp">
      <Filter>Core</Filter>
    </ClCompile>
    <ClCompile Include="..\..\Engine\Core\TaskSystem.cpp">
      <Filter>Core</Filter>
    </ClCompile>
    <ClCompile Include="..\..\Engine\Core\TaskThread.cpp">
      <Filter>Core</Filter>
    </ClCompile>
    <ClCompile Include="..\..\Engine\Scripting\ScriptThread.cpp">
      <Filter>Scripting</Filter>
    </ClCompile>
    <ClCompile Include="..\..\Engine\Core\ThreadPool.cpp">
      <Filter>Core</Filter>
    </ClCompile>
    <ClCompile Include="..\..\Engine\Scripting\ScriptableObjectImpl.cpp">
      <Filter>Scripting</Filter>
    </ClCompile>
  </ItemGroup>
</Project>